
Microsoft Visual Studio Solution File, Format Version 12.00
# Visual Studio Version 16
VisualStudioVersion = 16.0.31205.134
MinimumVisualStudioVersion = 10.0.40219.1
Project("{FAE04EC0-301F-11D3-BF4B-00C04F79EFBC}") = "CzyDobre", "CzyDobre\CzyDobre.csproj", "{392F14C0-6C5D-40FB-A2A4-37C9279E8855}"
EndProject
Global
	GlobalSection(SolutionConfigurationPlatforms) = preSolution
		Debug|Any CPU = Debug|Any CPU
		Release|Any CPU = Release|Any CPU
	EndGlobalSection
	GlobalSection(ProjectConfigurationPlatforms) = postSolution
		{392F14C0-6C5D-40FB-A2A4-37C9279E8855}.Debug|Any CPU.ActiveCfg = Debug|Any CPU
		{392F14C0-6C5D-40FB-A2A4-37C9279E8855}.Debug|Any CPU.Build.0 = Debug|Any CPU
		{392F14C0-6C5D-40FB-A2A4-37C9279E8855}.Release|Any CPU.ActiveCfg = Release|Any CPU
		{392F14C0-6C5D-40FB-A2A4-37C9279E8855}.Release|Any CPU.Build.0 = Release|Any CPU
	EndGlobalSection
	GlobalSection(SolutionProperties) = preSolution
		HideSolutionNode = FALSE
	EndGlobalSection
	GlobalSection(ExtensibilityGlobals) = postSolution
		SolutionGuid = {E3F00870-27A7-4985-ACD1-797E2129ABD7}
	EndGlobalSection
EndGlobal
